
Microsoft Visual Studio Solution File, Format Version 12.00
# Visual Studio Version 17
VisualStudioVersion = 17.6.33815.320
MinimumVisualStudioVersion = 10.0.40219.1
Project("{9A19103F-16F7-4668-BE54-9A1E7A4F7556}") = "dotnet-fundamentals", "dotnet-fundamentals\dotnet-fundamentals.csproj", "{127DDCE9-54EA-48A3-9FEC-3D0105FCAF75}"
	ProjectSection(ProjectDependencies) = postProject
		{27FBC653-7A55-4934-8618-32AAFB29BE44} = {27FBC653-7A55-4934-8618-32AAFB29BE44}
	EndProjectSection
EndProject
Project("{9A19103F-16F7-4668-BE54-9A1E7A4F7556}") = "hello-lib", "hello-lib\hello-lib.csproj", "{9F1CD797-7380-41CF-A2A8-508789C76D66}"
EndProject
Project("{9A19103F-16F7-4668-BE54-9A1E7A4F7556}") = "FileSystemVisitor", "FileSystemVisitor\FileSystemVisitor.csproj", "{8F9F8047-4A9C-4FC9-A293-01A4AA8337AD}"
EndProject
Project("{9A19103F-16F7-4668-BE54-9A1E7A4F7556}") = "Tasks.Tests", "DataStructures\Tasks.Tests\Tasks.Tests.csproj", "{F61AFF25-FAB2-451F-B469-765973450AE3}"
EndProject
Project("{9A19103F-16F7-4668-BE54-9A1E7A4F7556}") = "MineField.App", "MineField\MineField.App.csproj", "{75954497-B72B-44EF-BD6E-A284DC2C8F27}"
EndProject
Project("{9A19103F-16F7-4668-BE54-9A1E7A4F7556}") = "MineField.Tests", "MineField.Tests\MineField.Tests.csproj", "{266E3233-B661-4264-ACBB-EBDD3CFF14AC}"
EndProject
Project("{9A19103F-16F7-4668-BE54-9A1E7A4F7556}") = "HarryPotter", "HarryPotter\HarryPotter.csproj", "{9B6DE50C-5779-4E38-893C-9888A0D40C12}"
EndProject
Project("{9A19103F-16F7-4668-BE54-9A1E7A4F7556}") = "HarryPoter.Tests", "HarryPoter.Tests\HarryPoter.Tests.csproj", "{62BE1F73-F353-47E7-A072-DF76B4F949DE}"
EndProject
Project("{9A19103F-16F7-4668-BE54-9A1E7A4F7556}") = "FizzBuzz", "FizzBuzz\FizzBuzz.csproj", "{751F2C76-097D-47F8-B9E3-8C719DEDCF0A}"
EndProject
Project("{9A19103F-16F7-4668-BE54-9A1E7A4F7556}") = "FizzBuzz.Tests", "FizzBuzz.Tests\FizzBuzz.Tests.csproj", "{1CF98757-4C3C-4777-9C85-EF178029D7FD}"
EndProject
Project("{9A19103F-16F7-4668-BE54-9A1E7A4F7556}") = "Reflection", "Reflection\Reflection.csproj", "{7D9834EB-CFFC-469E-ADB3-28B132DB0F35}"
EndProject
Project("{00D1A9C2-B5F0-4AF3-8072-F6C62B433612}") = "sql-project", "sql-project\sql-project.sqlproj", "{3BF59077-FBE0-44E3-948A-20A655D3F135}"
EndProject
Project("{9A19103F-16F7-4668-BE54-9A1E7A4F7556}") = "BinarySerialization", "BinarySerialization\BinarySerialization.csproj", "{83576BED-C7F6-4AFA-A080-138AE07C8C41}"
EndProject
Project("{9A19103F-16F7-4668-BE54-9A1E7A4F7556}") = "XMLSerialization", "XMLSerialization\XMLSerialization.csproj", "{41F98BEA-BF87-4DE0-85FE-4678ED8D640A}"
EndProject
Project("{9A19103F-16F7-4668-BE54-9A1E7A4F7556}") = "JSONSerialization", "JSONSerialization\JSONSerialization.csproj", "{2729483D-AFCC-4296-AF29-0E62E9F00951}"
EndProject
Project("{9A19103F-16F7-4668-BE54-9A1E7A4F7556}") = "ISerializibleProject", "ISerializibleProject\ISerializibleProject.csproj", "{8DCC866E-6959-48FA-8469-AEF2CE26F02E}"
EndProject
Project("{9A19103F-16F7-4668-BE54-9A1E7A4F7556}") = "DeepCloningSerialization", "DeepCloningSerialization\DeepCloningSerialization.csproj", "{335935C7-7D06-40CE-900C-1AF8537D66D6}"
EndProject
Project("{9A19103F-16F7-4668-BE54-9A1E7A4F7556}") = "Task1", "LinQ\Task1\Task1.csproj", "{27FBC653-7A55-4934-8618-32AAFB29BE44}"
EndProject
Project("{9A19103F-16F7-4668-BE54-9A1E7A4F7556}") = "Task1.Tests", "LinQ\Task1.Tests\Task1.Tests.csproj", "{F3BBA58C-B433-4914-A7B7-A5E5F248BE57}"
EndProject
Project("{9A19103F-16F7-4668-BE54-9A1E7A4F7556}") = "oop-principles", "oop-principles\oop-principles.csproj", "{BDDAC345-03ED-4E8E-94A2-B8B747059075}"
EndProject
Project("{9A19103F-16F7-4668-BE54-9A1E7A4F7556}") = "BrainstormSessions", "Logging\BrainstormSessions\BrainstormSessions.csproj", "{4A157AE0-250F-4500-B1C7-552FABCE51DE}"
EndProject
Project("{9A19103F-16F7-4668-BE54-9A1E7A4F7556}") = "BrainstormSessions.Test", "Logging\BrainstormSessions.Test\BrainstormSessions.Test.csproj", "{10E77636-5AB4-4915-99F0-CB607B5C0EB8}"
EndProject
Project("{FAE04EC0-301F-11D3-BF4B-00C04F79EFBC}") = "AdoNet", "AdoNet\AdoNet.csproj", "{BAC72854-3229-4675-8A30-4EDD4A9D603F}"
EndProject
Project("{FAE04EC0-301F-11D3-BF4B-00C04F79EFBC}") = "AdoNet.Test", "AdoNet.Test\AdoNet.Test.csproj", "{ABD7FD4A-3FBA-4E96-B2F0-F4E5D5D5929A}"
	ProjectSection(ProjectDependencies) = postProject
		{BAC72854-3229-4675-8A30-4EDD4A9D603F} = {BAC72854-3229-4675-8A30-4EDD4A9D603F}
	EndProjectSection
EndProject
Global
	GlobalSection(SolutionConfigurationPlatforms) = preSolution
		Debug|Any CPU = Debug|Any CPU
		Release|Any CPU = Release|Any CPU
	EndGlobalSection
	GlobalSection(ProjectConfigurationPlatforms) = postSolution
		{127DDCE9-54EA-48A3-9FEC-3D0105FCAF75}.Debug|Any CPU.ActiveCfg = Debug|Any CPU
		{127DDCE9-54EA-48A3-9FEC-3D0105FCAF75}.Debug|Any CPU.Build.0 = Debug|Any CPU
		{127DDCE9-54EA-48A3-9FEC-3D0105FCAF75}.Release|Any CPU.ActiveCfg = Release|Any CPU
		{127DDCE9-54EA-48A3-9FEC-3D0105FCAF75}.Release|Any CPU.Build.0 = Release|Any CPU
		{9F1CD797-7380-41CF-A2A8-508789C76D66}.Debug|Any CPU.ActiveCfg = Debug|Any CPU
		{9F1CD797-7380-41CF-A2A8-508789C76D66}.Debug|Any CPU.Build.0 = Debug|Any CPU
		{9F1CD797-7380-41CF-A2A8-508789C76D66}.Release|Any CPU.ActiveCfg = Release|Any CPU
		{9F1CD797-7380-41CF-A2A8-508789C76D66}.Release|Any CPU.Build.0 = Release|Any CPU
		{8F9F8047-4A9C-4FC9-A293-01A4AA8337AD}.Debug|Any CPU.ActiveCfg = Debug|Any CPU
		{8F9F8047-4A9C-4FC9-A293-01A4AA8337AD}.Debug|Any CPU.Build.0 = Debug|Any CPU
		{8F9F8047-4A9C-4FC9-A293-01A4AA8337AD}.Release|Any CPU.ActiveCfg = Release|Any CPU
		{8F9F8047-4A9C-4FC9-A293-01A4AA8337AD}.Release|Any CPU.Build.0 = Release|Any CPU
		{F61AFF25-FAB2-451F-B469-765973450AE3}.Debug|Any CPU.ActiveCfg = Debug|Any CPU
		{F61AFF25-FAB2-451F-B469-765973450AE3}.Debug|Any CPU.Build.0 = Debug|Any CPU
		{F61AFF25-FAB2-451F-B469-765973450AE3}.Release|Any CPU.ActiveCfg = Release|Any CPU
		{F61AFF25-FAB2-451F-B469-765973450AE3}.Release|Any CPU.Build.0 = Release|Any CPU
		{75954497-B72B-44EF-BD6E-A284DC2C8F27}.Debug|Any CPU.ActiveCfg = Debug|Any CPU
		{75954497-B72B-44EF-BD6E-A284DC2C8F27}.Debug|Any CPU.Build.0 = Debug|Any CPU
		{75954497-B72B-44EF-BD6E-A284DC2C8F27}.Release|Any CPU.ActiveCfg = Release|Any CPU
		{75954497-B72B-44EF-BD6E-A284DC2C8F27}.Release|Any CPU.Build.0 = Release|Any CPU
		{266E3233-B661-4264-ACBB-EBDD3CFF14AC}.Debug|Any CPU.ActiveCfg = Debug|Any CPU
		{266E3233-B661-4264-ACBB-EBDD3CFF14AC}.Debug|Any CPU.Build.0 = Debug|Any CPU
		{266E3233-B661-4264-ACBB-EBDD3CFF14AC}.Release|Any CPU.ActiveCfg = Release|Any CPU
		{266E3233-B661-4264-ACBB-EBDD3CFF14AC}.Release|Any CPU.Build.0 = Release|Any CPU
		{9B6DE50C-5779-4E38-893C-9888A0D40C12}.Debug|Any CPU.ActiveCfg = Debug|Any CPU
		{9B6DE50C-5779-4E38-893C-9888A0D40C12}.Debug|Any CPU.Build.0 = Debug|Any CPU
		{9B6DE50C-5779-4E38-893C-9888A0D40C12}.Release|Any CPU.ActiveCfg = Release|Any CPU
		{9B6DE50C-5779-4E38-893C-9888A0D40C12}.Release|Any CPU.Build.0 = Release|Any CPU
		{62BE1F73-F353-47E7-A072-DF76B4F949DE}.Debug|Any CPU.ActiveCfg = Debug|Any CPU
		{62BE1F73-F353-47E7-A072-DF76B4F949DE}.Debug|Any CPU.Build.0 = Debug|Any CPU
		{62BE1F73-F353-47E7-A072-DF76B4F949DE}.Release|Any CPU.ActiveCfg = Release|Any CPU
		{62BE1F73-F353-47E7-A072-DF76B4F949DE}.Release|Any CPU.Build.0 = Release|Any CPU
		{751F2C76-097D-47F8-B9E3-8C719DEDCF0A}.Debug|Any CPU.ActiveCfg = Debug|Any CPU
		{751F2C76-097D-47F8-B9E3-8C719DEDCF0A}.Debug|Any CPU.Build.0 = Debug|Any CPU
		{751F2C76-097D-47F8-B9E3-8C719DEDCF0A}.Release|Any CPU.ActiveCfg = Release|Any CPU
		{751F2C76-097D-47F8-B9E3-8C719DEDCF0A}.Release|Any CPU.Build.0 = Release|Any CPU
		{1CF98757-4C3C-4777-9C85-EF178029D7FD}.Debug|Any CPU.ActiveCfg = Debug|Any CPU
		{1CF98757-4C3C-4777-9C85-EF178029D7FD}.Debug|Any CPU.Build.0 = Debug|Any CPU
		{1CF98757-4C3C-4777-9C85-EF178029D7FD}.Release|Any CPU.ActiveCfg = Release|Any CPU
		{1CF98757-4C3C-4777-9C85-EF178029D7FD}.Release|Any CPU.Build.0 = Release|Any CPU
		{7D9834EB-CFFC-469E-ADB3-28B132DB0F35}.Debug|Any CPU.ActiveCfg = Debug|Any CPU
		{7D9834EB-CFFC-469E-ADB3-28B132DB0F35}.Debug|Any CPU.Build.0 = Debug|Any CPU
		{7D9834EB-CFFC-469E-ADB3-28B132DB0F35}.Release|Any CPU.ActiveCfg = Release|Any CPU
		{7D9834EB-CFFC-469E-ADB3-28B132DB0F35}.Release|Any CPU.Build.0 = Release|Any CPU
		{3BF59077-FBE0-44E3-948A-20A655D3F135}.Debug|Any CPU.ActiveCfg = Debug|Any CPU
		{3BF59077-FBE0-44E3-948A-20A655D3F135}.Debug|Any CPU.Build.0 = Debug|Any CPU
		{3BF59077-FBE0-44E3-948A-20A655D3F135}.Debug|Any CPU.Deploy.0 = Debug|Any CPU
		{3BF59077-FBE0-44E3-948A-20A655D3F135}.Release|Any CPU.ActiveCfg = Release|Any CPU
		{3BF59077-FBE0-44E3-948A-20A655D3F135}.Release|Any CPU.Build.0 = Release|Any CPU
		{3BF59077-FBE0-44E3-948A-20A655D3F135}.Release|Any CPU.Deploy.0 = Release|Any CPU
		{83576BED-C7F6-4AFA-A080-138AE07C8C41}.Debug|Any CPU.ActiveCfg = Debug|Any CPU
		{83576BED-C7F6-4AFA-A080-138AE07C8C41}.Debug|Any CPU.Build.0 = Debug|Any CPU
		{83576BED-C7F6-4AFA-A080-138AE07C8C41}.Release|Any CPU.ActiveCfg = Release|Any CPU
		{83576BED-C7F6-4AFA-A080-138AE07C8C41}.Release|Any CPU.Build.0 = Release|Any CPU
		{41F98BEA-BF87-4DE0-85FE-4678ED8D640A}.Debug|Any CPU.ActiveCfg = Debug|Any CPU
		{41F98BEA-BF87-4DE0-85FE-4678ED8D640A}.Debug|Any CPU.Build.0 = Debug|Any CPU
		{41F98BEA-BF87-4DE0-85FE-4678ED8D640A}.Release|Any CPU.ActiveCfg = Release|Any CPU
		{41F98BEA-BF87-4DE0-85FE-4678ED8D640A}.Release|Any CPU.Build.0 = Release|Any CPU
		{2729483D-AFCC-4296-AF29-0E62E9F00951}.Debug|Any CPU.ActiveCfg = Debug|Any CPU
		{2729483D-AFCC-4296-AF29-0E62E9F00951}.Debug|Any CPU.Build.0 = Debug|Any CPU
		{2729483D-AFCC-4296-AF29-0E62E9F00951}.Release|Any CPU.ActiveCfg = Release|Any CPU
		{2729483D-AFCC-4296-AF29-0E62E9F00951}.Release|Any CPU.Build.0 = Release|Any CPU
		{8DCC866E-6959-48FA-8469-AEF2CE26F02E}.Debug|Any CPU.ActiveCfg = Debug|Any CPU
		{8DCC866E-6959-48FA-8469-AEF2CE26F02E}.Debug|Any CPU.Build.0 = Debug|Any CPU
		{8DCC866E-6959-48FA-8469-AEF2CE26F02E}.Release|Any CPU.ActiveCfg = Release|Any CPU
		{8DCC866E-6959-48FA-8469-AEF2CE26F02E}.Release|Any CPU.Build.0 = Release|Any CPU
		{335935C7-7D06-40CE-900C-1AF8537D66D6}.Debug|Any CPU.ActiveCfg = Debug|Any CPU
		{335935C7-7D06-40CE-900C-1AF8537D66D6}.Debug|Any CPU.Build.0 = Debug|Any CPU
		{335935C7-7D06-40CE-900C-1AF8537D66D6}.Release|Any CPU.ActiveCfg = Release|Any CPU
		{335935C7-7D06-40CE-900C-1AF8537D66D6}.Release|Any CPU.Build.0 = Release|Any CPU
		{27FBC653-7A55-4934-8618-32AAFB29BE44}.Debug|Any CPU.ActiveCfg = Debug|Any CPU
		{27FBC653-7A55-4934-8618-32AAFB29BE44}.Debug|Any CPU.Build.0 = Debug|Any CPU
		{27FBC653-7A55-4934-8618-32AAFB29BE44}.Release|Any CPU.ActiveCfg = Release|Any CPU
		{27FBC653-7A55-4934-8618-32AAFB29BE44}.Release|Any CPU.Build.0 = Release|Any CPU
		{F3BBA58C-B433-4914-A7B7-A5E5F248BE57}.Debug|Any CPU.ActiveCfg = Debug|Any CPU
		{F3BBA58C-B433-4914-A7B7-A5E5F248BE57}.Debug|Any CPU.Build.0 = Debug|Any CPU
		{F3BBA58C-B433-4914-A7B7-A5E5F248BE57}.Release|Any CPU.ActiveCfg = Release|Any CPU
		{F3BBA58C-B433-4914-A7B7-A5E5F248BE57}.Release|Any CPU.Build.0 = Release|Any CPU
		{BDDAC345-03ED-4E8E-94A2-B8B747059075}.Debug|Any CPU.ActiveCfg = Debug|Any CPU
		{BDDAC345-03ED-4E8E-94A2-B8B747059075}.Debug|Any CPU.Build.0 = Debug|Any CPU
		{BDDAC345-03ED-4E8E-94A2-B8B747059075}.Release|Any CPU.ActiveCfg = Release|Any CPU
		{BDDAC345-03ED-4E8E-94A2-B8B747059075}.Release|Any CPU.Build.0 = Release|Any CPU
		{4A157AE0-250F-4500-B1C7-552FABCE51DE}.Debug|Any CPU.ActiveCfg = Debug|Any CPU
		{4A157AE0-250F-4500-B1C7-552FABCE51DE}.Debug|Any CPU.Build.0 = Debug|Any CPU
		{4A157AE0-250F-4500-B1C7-552FABCE51DE}.Release|Any CPU.ActiveCfg = Release|Any CPU
		{4A157AE0-250F-4500-B1C7-552FABCE51DE}.Release|Any CPU.Build.0 = Release|Any CPU
		{10E77636-5AB4-4915-99F0-CB607B5C0EB8}.Debug|Any CPU.ActiveCfg = Debug|Any CPU
		{10E77636-5AB4-4915-99F0-CB607B5C0EB8}.Debug|Any CPU.Build.0 = Debug|Any CPU
		{10E77636-5AB4-4915-99F0-CB607B5C0EB8}.Release|Any CPU.ActiveCfg = Release|Any CPU
		{10E77636-5AB4-4915-99F0-CB607B5C0EB8}.Release|Any CPU.Build.0 = Release|Any CPU
		{BAC72854-3229-4675-8A30-4EDD4A9D603F}.Debug|Any CPU.ActiveCfg = Debug|Any CPU
		{BAC72854-3229-4675-8A30-4EDD4A9D603F}.Debug|Any CPU.Build.0 = Debug|Any CPU
		{BAC72854-3229-4675-8A30-4EDD4A9D603F}.Release|Any CPU.ActiveCfg = Release|Any CPU
		{BAC72854-3229-4675-8A30-4EDD4A9D603F}.Release|Any CPU.Build.0 = Release|Any CPU
		{ABD7FD4A-3FBA-4E96-B2F0-F4E5D5D5929A}.Debug|Any CPU.ActiveCfg = Debug|Any CPU
		{ABD7FD4A-3FBA-4E96-B2F0-F4E5D5D5929A}.Debug|Any CPU.Build.0 = Debug|Any CPU
		{ABD7FD4A-3FBA-4E96-B2F0-F4E5D5D5929A}.Release|Any CPU.ActiveCfg = Release|Any CPU
		{ABD7FD4A-3FBA-4E96-B2F0-F4E5D5D5929A}.Release|Any CPU.Build.0 = Release|Any CPU
	EndGlobalSection
	GlobalSection(SolutionProperties) = preSolution
		HideSolutionNode = FALSE
	EndGlobalSection
	GlobalSection(ExtensibilityGlobals) = postSolution
		SolutionGuid = {64632EB8-DC0B-4ED8-A3E1-BD1E2F07CC4A}
	EndGlobalSection
EndGlobal
