
Microsoft Visual Studio Solution File, Format Version 12.00
# Visual Studio Version 16
VisualStudioVersion = 25.0.1706.4
MinimumVisualStudioVersion = 10.0.40219.1
Project("{FAE04EC0-301F-11D3-BF4B-00C04F79EFBC}") = "dotnet-fundamentals", "dotnet-fundamentals\dotnet-fundamentals.csproj", "{127DDCE9-54EA-48A3-9FEC-3D0105FCAF75}"
EndProject
Project("{FAE04EC0-301F-11D3-BF4B-00C04F79EFBC}") = "hello-lib", "hello-lib\hello-lib.csproj", "{9F1CD797-7380-41CF-A2A8-508789C76D66}"
EndProject
Project("{FAE04EC0-301F-11D3-BF4B-00C04F79EFBC}") = "FileSystemVisitor", "FileSystemVisitor\FileSystemVisitor.csproj", "{8F9F8047-4A9C-4FC9-A293-01A4AA8337AD}"
EndProject
Project("{FAE04EC0-301F-11D3-BF4B-00C04F79EFBC}") = "Task1", "Task1\Task1.csproj", "{9F821338-1769-406F-ABE4-2B9A5A776028}"
EndProject
Project("{FAE04EC0-301F-11D3-BF4B-00C04F79EFBC}") = "Tasks", "DataStructures\Tasks\Tasks.csproj", "{600F2563-EFD7-4435-8C46-90DE9D205EAA}"
EndProject
Project("{FAE04EC0-301F-11D3-BF4B-00C04F79EFBC}") = "Tasks.Tests", "DataStructures\Tasks.Tests\Tasks.Tests.csproj", "{F61AFF25-FAB2-451F-B469-765973450AE3}"
EndProject
Project("{FAE04EC0-301F-11D3-BF4B-00C04F79EFBC}") = "MineField.App", "MineField\MineField.App.csproj", "{75954497-B72B-44EF-BD6E-A284DC2C8F27}"
EndProject
Project("{FAE04EC0-301F-11D3-BF4B-00C04F79EFBC}") = "MineField.Tests", "MineField.Tests\MineField.Tests.csproj", "{266E3233-B661-4264-ACBB-EBDD3CFF14AC}"
EndProject
Project("{FAE04EC0-301F-11D3-BF4B-00C04F79EFBC}") = "HarryPotter", "HarryPotter\HarryPotter.csproj", "{9B6DE50C-5779-4E38-893C-9888A0D40C12}"
EndProject
Project("{FAE04EC0-301F-11D3-BF4B-00C04F79EFBC}") = "HarryPoter.Tests", "HarryPoter.Tests\HarryPoter.Tests.csproj", "{62BE1F73-F353-47E7-A072-DF76B4F949DE}"
EndProject
Project("{FAE04EC0-301F-11D3-BF4B-00C04F79EFBC}") = "FizzBuzz", "FizzBuzz\FizzBuzz.csproj", "{751F2C76-097D-47F8-B9E3-8C719DEDCF0A}"
EndProject
Project("{FAE04EC0-301F-11D3-BF4B-00C04F79EFBC}") = "FizzBuzz.Tests", "FizzBuzz.Tests\FizzBuzz.Tests.csproj", "{1CF98757-4C3C-4777-9C85-EF178029D7FD}"
EndProject
Global
	GlobalSection(SolutionConfigurationPlatforms) = preSolution
		Debug|Any CPU = Debug|Any CPU
		Release|Any CPU = Release|Any CPU
	EndGlobalSection
	GlobalSection(ProjectConfigurationPlatforms) = postSolution
		{127DDCE9-54EA-48A3-9FEC-3D0105FCAF75}.Debug|Any CPU.ActiveCfg = Debug|Any CPU
		{127DDCE9-54EA-48A3-9FEC-3D0105FCAF75}.Debug|Any CPU.Build.0 = Debug|Any CPU
		{127DDCE9-54EA-48A3-9FEC-3D0105FCAF75}.Release|Any CPU.ActiveCfg = Release|Any CPU
		{127DDCE9-54EA-48A3-9FEC-3D0105FCAF75}.Release|Any CPU.Build.0 = Release|Any CPU
		{9F1CD797-7380-41CF-A2A8-508789C76D66}.Debug|Any CPU.ActiveCfg = Debug|Any CPU
		{9F1CD797-7380-41CF-A2A8-508789C76D66}.Debug|Any CPU.Build.0 = Debug|Any CPU
		{9F1CD797-7380-41CF-A2A8-508789C76D66}.Release|Any CPU.ActiveCfg = Release|Any CPU
		{9F1CD797-7380-41CF-A2A8-508789C76D66}.Release|Any CPU.Build.0 = Release|Any CPU
		{8F9F8047-4A9C-4FC9-A293-01A4AA8337AD}.Debug|Any CPU.ActiveCfg = Debug|Any CPU
		{8F9F8047-4A9C-4FC9-A293-01A4AA8337AD}.Debug|Any CPU.Build.0 = Debug|Any CPU
		{8F9F8047-4A9C-4FC9-A293-01A4AA8337AD}.Release|Any CPU.ActiveCfg = Release|Any CPU
		{8F9F8047-4A9C-4FC9-A293-01A4AA8337AD}.Release|Any CPU.Build.0 = Release|Any CPU
		{9F821338-1769-406F-ABE4-2B9A5A776028}.Debug|Any CPU.ActiveCfg = Debug|Any CPU
		{9F821338-1769-406F-ABE4-2B9A5A776028}.Debug|Any CPU.Build.0 = Debug|Any CPU
		{9F821338-1769-406F-ABE4-2B9A5A776028}.Release|Any CPU.ActiveCfg = Release|Any CPU
		{9F821338-1769-406F-ABE4-2B9A5A776028}.Release|Any CPU.Build.0 = Release|Any CPU
		{600F2563-EFD7-4435-8C46-90DE9D205EAA}.Debug|Any CPU.ActiveCfg = Debug|Any CPU
		{600F2563-EFD7-4435-8C46-90DE9D205EAA}.Debug|Any CPU.Build.0 = Debug|Any CPU
		{600F2563-EFD7-4435-8C46-90DE9D205EAA}.Release|Any CPU.ActiveCfg = Release|Any CPU
		{600F2563-EFD7-4435-8C46-90DE9D205EAA}.Release|Any CPU.Build.0 = Release|Any CPU
		{F61AFF25-FAB2-451F-B469-765973450AE3}.Debug|Any CPU.ActiveCfg = Debug|Any CPU
		{F61AFF25-FAB2-451F-B469-765973450AE3}.Debug|Any CPU.Build.0 = Debug|Any CPU
		{F61AFF25-FAB2-451F-B469-765973450AE3}.Release|Any CPU.ActiveCfg = Release|Any CPU
		{F61AFF25-FAB2-451F-B469-765973450AE3}.Release|Any CPU.Build.0 = Release|Any CPU
		{75954497-B72B-44EF-BD6E-A284DC2C8F27}.Debug|Any CPU.ActiveCfg = Debug|Any CPU
		{75954497-B72B-44EF-BD6E-A284DC2C8F27}.Debug|Any CPU.Build.0 = Debug|Any CPU
		{75954497-B72B-44EF-BD6E-A284DC2C8F27}.Release|Any CPU.ActiveCfg = Release|Any CPU
		{75954497-B72B-44EF-BD6E-A284DC2C8F27}.Release|Any CPU.Build.0 = Release|Any CPU
		{266E3233-B661-4264-ACBB-EBDD3CFF14AC}.Debug|Any CPU.ActiveCfg = Debug|Any CPU
		{266E3233-B661-4264-ACBB-EBDD3CFF14AC}.Debug|Any CPU.Build.0 = Debug|Any CPU
		{266E3233-B661-4264-ACBB-EBDD3CFF14AC}.Release|Any CPU.ActiveCfg = Release|Any CPU
		{266E3233-B661-4264-ACBB-EBDD3CFF14AC}.Release|Any CPU.Build.0 = Release|Any CPU
		{9B6DE50C-5779-4E38-893C-9888A0D40C12}.Debug|Any CPU.ActiveCfg = Debug|Any CPU
		{9B6DE50C-5779-4E38-893C-9888A0D40C12}.Debug|Any CPU.Build.0 = Debug|Any CPU
		{9B6DE50C-5779-4E38-893C-9888A0D40C12}.Release|Any CPU.ActiveCfg = Release|Any CPU
		{9B6DE50C-5779-4E38-893C-9888A0D40C12}.Release|Any CPU.Build.0 = Release|Any CPU
		{62BE1F73-F353-47E7-A072-DF76B4F949DE}.Debug|Any CPU.ActiveCfg = Debug|Any CPU
		{62BE1F73-F353-47E7-A072-DF76B4F949DE}.Debug|Any CPU.Build.0 = Debug|Any CPU
		{62BE1F73-F353-47E7-A072-DF76B4F949DE}.Release|Any CPU.ActiveCfg = Release|Any CPU
		{62BE1F73-F353-47E7-A072-DF76B4F949DE}.Release|Any CPU.Build.0 = Release|Any CPU
		{751F2C76-097D-47F8-B9E3-8C719DEDCF0A}.Debug|Any CPU.ActiveCfg = Debug|Any CPU
		{751F2C76-097D-47F8-B9E3-8C719DEDCF0A}.Debug|Any CPU.Build.0 = Debug|Any CPU
		{751F2C76-097D-47F8-B9E3-8C719DEDCF0A}.Release|Any CPU.ActiveCfg = Release|Any CPU
		{751F2C76-097D-47F8-B9E3-8C719DEDCF0A}.Release|Any CPU.Build.0 = Release|Any CPU
		{1CF98757-4C3C-4777-9C85-EF178029D7FD}.Debug|Any CPU.ActiveCfg = Debug|Any CPU
		{1CF98757-4C3C-4777-9C85-EF178029D7FD}.Debug|Any CPU.Build.0 = Debug|Any CPU
		{1CF98757-4C3C-4777-9C85-EF178029D7FD}.Release|Any CPU.ActiveCfg = Release|Any CPU
		{1CF98757-4C3C-4777-9C85-EF178029D7FD}.Release|Any CPU.Build.0 = Release|Any CPU
	EndGlobalSection
	GlobalSection(SolutionProperties) = preSolution
		HideSolutionNode = FALSE
	EndGlobalSection
	GlobalSection(ExtensibilityGlobals) = postSolution
		SolutionGuid = {64632EB8-DC0B-4ED8-A3E1-BD1E2F07CC4A}
	EndGlobalSection
EndGlobal
